{
    "hash": "c8a28477dc22bd84528c4577d57b5552",
    "packages": [
        {
            "package": "zendframework/zend-loader",
            "version": "2.0.0-beta4"
        },
        {
            "package": "zendframework/zend-mail",
            "version": "2.0.0-beta4"
        },
        {
            "package": "zendframework/zend-mime",
            "version": "2.0.0-beta4"
        }
    ],
    "packages-dev": null,
    "aliases": [

    ],
    "minimum-stability": "dev",
    "stability-flags": [

    ]
}
